{
  "lockfile_version": "1",
  "packages": {
    "cargo@latest": {
      "last_modified": "2025-11-15T07:28:48Z",
      "resolved": "github:NixOS/nixpkgs/1d4c88323ac36805d09657d13a5273aea1b34f0c#cargo",
      "source": "devbox-search",
      "version": "1.90.0",
      "systems": {
        "aarch64-darwin": {
          "outputs": [
            {
              "name": "out",
              "path": "/nix/store/yplr33zihm2n3xy5f9qxvg700yjgzyqx-cargo-1.90.0",
              "default": true
            }
          ],
          "store_path": "/nix/store/yplr33zihm2n3xy5f9qxvg700yjgzyqx-cargo-1.90.0"
        },
        "aarch64-linux": {
          "outputs": [
            {
              "name": "out",
              "path": "/nix/store/swq15l17m753s9xi6j6814ncd1k6k96f-cargo-1.90.0",
              "default": true
            }
          ],
          "store_path": "/nix/store/swq15l17m753s9xi6j6814ncd1k6k96f-cargo-1.90.0"
        },
        "x86_64-darwin": {
          "outputs": [
            {
              "name": "out",
              "path": "/nix/store/q9z59cj8wcai1ai1ffj8xkpn9ya81v68-cargo-1.90.0",
              "default": true
            }
          ],
          "store_path": "/nix/store/q9z59cj8wcai1ai1ffj8xkpn9ya81v68-cargo-1.90.0"
        },
        "x86_64-linux": {
          "outputs": [
            {
              "name": "out",
              "path": "/nix/store/7p3nmbil903hjk0b66a0073s8kynaygg-cargo-1.90.0",
              "default": true
            }
          ],
          "store_path": "/nix/store/7p3nmbil903hjk0b66a0073s8kynaygg-cargo-1.90.0"
        }
      }
    },
    "github:NixOS/nixpkgs/nixpkgs-unstable": {
      "last_modified": "2025-11-05T16:44:39Z",
      "resolved": "github:NixOS/nixpkgs/ffcdcf99d65c61956d882df249a9be53e5902ea5?lastModified=1762361079&narHash=sha256-lz718rr1BDpZBYk7%2BG8cE6wee3PiBUpn8aomG%2FvLLiY%3D"
    },
    "rustfmt@latest": {
      "last_modified": "2025-11-15T07:28:48Z",
      "resolved": "github:NixOS/nixpkgs/1d4c88323ac36805d09657d13a5273aea1b34f0c#rustfmt",
      "source": "devbox-search",
      "version": "1.90.0",
      "systems": {
        "aarch64-darwin": {
          "outputs": [
            {
              "name": "out",
              "path": "/nix/store/frs8x9j9v3apynzrjk36fg9lf5qi87jq-rustfmt-1.90.0",
              "default": true
            }
          ],
          "store_path": "/nix/store/frs8x9j9v3apynzrjk36fg9lf5qi87jq-rustfmt-1.90.0"
        },
        "aarch64-linux": {
          "outputs": [
            {
              "name": "out",
              "path": "/nix/store/5pvf83ki8dmr9bm4y5ph7g0l1qaca9xv-rustfmt-1.90.0",
              "default": true
            }
          ],
          "store_path": "/nix/store/5pvf83ki8dmr9bm4y5ph7g0l1qaca9xv-rustfmt-1.90.0"
        },
        "x86_64-darwin": {
          "outputs": [
            {
              "name": "out",
              "path": "/nix/store/z7z8wx0k6wv119jxzxdcsazg53qyrz90-rustfmt-1.90.0",
              "default": true
            }
          ],
          "store_path": "/nix/store/z7z8wx0k6wv119jxzxdcsazg53qyrz90-rustfmt-1.90.0"
        },
        "x86_64-linux": {
          "outputs": [
            {
              "name": "out",
              "path": "/nix/store/i873iag6s28f9fvw3j00h0k4nc8f3706-rustfmt-1.90.0",
              "default": true
            }
          ],
          "store_path": "/nix/store/i873iag6s28f9fvw3j00h0k4nc8f3706-rustfmt-1.90.0"
        }
      }
    }
  }
}
